
Microsoft Visual Studio Solution File, Format Version 12.00
# Visual Studio 2012
Project("{FAE04EC0-301F-11D3-BF4B-00C04F79EFBC}") = "FindMusic", "FindMusic\FindMusic.csproj", "{B79D18D3-225D-4509-96F6-9E49747A0F07}"
EndProject
Project("{FAE04EC0-301F-11D3-BF4B-00C04F79EFBC}") = "UsualLib", "UsualLib\UsualLib.csproj", "{7F1EFCC4-DEBD-446B-A244-6028735C774D}"
EndProject
Global
	GlobalSection(SolutionConfigurationPlatforms) = preSolution
		Debug|Any CPU = Debug|Any CPU
		Debug|x86 = Debug|x86
		Release|Any CPU = Release|Any CPU
		Release|x86 = Release|x86
	EndGlobalSection
	GlobalSection(ProjectConfigurationPlatforms) = postSolution
		{B79D18D3-225D-4509-96F6-9E49747A0F07}.Debug|Any CPU.ActiveCfg = Debug|Any CPU
		{B79D18D3-225D-4509-96F6-9E49747A0F07}.Debug|Any CPU.Build.0 = Debug|Any CPU
		{B79D18D3-225D-4509-96F6-9E49747A0F07}.Debug|x86.ActiveCfg = Debug|Any CPU
		{B79D18D3-225D-4509-96F6-9E49747A0F07}.Release|Any CPU.ActiveCfg = Release|Any CPU
		{B79D18D3-225D-4509-96F6-9E49747A0F07}.Release|Any CPU.Build.0 = Release|Any CPU
		{B79D18D3-225D-4509-96F6-9E49747A0F07}.Release|x86.ActiveCfg = Release|Any CPU
		{7F1EFCC4-DEBD-446B-A244-6028735C774D}.Debug|Any CPU.ActiveCfg = Debug|Any CPU
		{7F1EFCC4-DEBD-446B-A244-6028735C774D}.Debug|Any CPU.Build.0 = Debug|Any CPU
		{7F1EFCC4-DEBD-446B-A244-6028735C774D}.Debug|x86.ActiveCfg = Debug|x86
		{7F1EFCC4-DEBD-446B-A244-6028735C774D}.Debug|x86.Build.0 = Debug|x86
		{7F1EFCC4-DEBD-446B-A244-6028735C774D}.Release|Any CPU.ActiveCfg = Release|Any CPU
		{7F1EFCC4-DEBD-446B-A244-6028735C774D}.Release|Any CPU.Build.0 = Release|Any CPU
		{7F1EFCC4-DEBD-446B-A244-6028735C774D}.Release|x86.ActiveCfg = Release|x86
		{7F1EFCC4-DEBD-446B-A244-6028735C774D}.Release|x86.Build.0 = Release|x86
	EndGlobalSection
	GlobalSection(SolutionProperties) = preSolution
		HideSolutionNode = FALSE
	EndGlobalSection
EndGlobal
