
Microsoft Visual Studio Solution File, Format Version 12.00
# Visual Studio 2012
Project("{FAE04EC0-301F-11D3-BF4B-00C04F79EFBC}") = "藏头诗", "藏头诗\藏头诗.csproj", "{70406E98-882A-4558-B435-A5E2A1F5D39A}"
EndProject
Global
	GlobalSection(SolutionConfigurationPlatforms) = preSolution
		Debug|Any CPU = Debug|Any CPU
		Release|Any CPU = Release|Any CPU
	EndGlobalSection
	GlobalSection(ProjectConfigurationPlatforms) = postSolution
		{70406E98-882A-4558-B435-A5E2A1F5D39A}.Debug|Any CPU.ActiveCfg = Debug|Any CPU
		{70406E98-882A-4558-B435-A5E2A1F5D39A}.Debug|Any CPU.Build.0 = Debug|Any CPU
		{70406E98-882A-4558-B435-A5E2A1F5D39A}.Release|Any CPU.ActiveCfg = Release|Any CPU
		{70406E98-882A-4558-B435-A5E2A1F5D39A}.Release|Any CPU.Build.0 = Release|Any CPU
	EndGlobalSection
	GlobalSection(SolutionProperties) = preSolution
		HideSolutionNode = FALSE
	EndGlobalSection
EndGlobal
